# This file is autogenerated V2, do not edit; changes may be undone by the next 'dep ensure'.


[[projects]]
  name = "github.com/python/python"
  packages = ["."]
  revision = "a720dfa8df582c51dee1b36feabb906bde1588bd"
  version = "v3.6.6"

[[projects]]
  branch = "master"
  name = "github.com/radicale/radicale"
  packages = ["query"]
  revision = "53e6ce116135b80d037921a7fdd5138cf32d7a8a"
  version = "v2.1.10"

[[projects]]
  name = "github.com/haxx/curl"
  packages = ["."]
  revision = "645ef00459ed84a119197bfb8d8205042c6df63d"
  version = "v7.60.0"

[[projects]]
  name = "github.com/debricked/seconds"
  revision = "e4d1ddd28c17dd89ed26327cf69fded22060671b"

[[projects]]
  digest = "1:e5d1fb981765b6f7513f793a3fcaac7158408cca77f75f7311ac82cc88e9c445"
  name = "github.com/brace-expansion/brace-expansion"
  packages = ["."]
  pruneopts = "N"
  revision = "3887ee99ecf07df5b447e9b00d9c0b2adaa9f3e4"
  version = "v1.1.6"

[[projects]]
  digest = "1:a8dd9ace1d7b6fc68f7fc5e447c26acd6b2424b8e793ae2736476d06863b01df"
  name = "gopkg.in/yaml.v2"
  packages = ["."]
  pruneopts = "N"
  revision = "e4d366fc3c7938e2958e662b4258c7a89e1f0e3e"

[[projects]]
  branch = "master"
  digest = "1:51912e607c5e28a89fdc7e41d3377b92086ab7f76ded236765dbf98d0a704c5d"
  name = "golang.org/x/sys"
  packages = ["unix"]
  pruneopts = "NUT"
  revision = "bb24a47a89eac6c1227fbcb2ae37a8b9ed323366"

[[projects]]
  digest = "1:4e903242fe176238aaa469f59d7035f5abf2aa9acfefb8964ddd203651b574e9"
  name = "github.com/json-iterator/go"
  packages = ["."]
  pruneopts = "NUT"
  revision = "0ff49de124c6f76f8494e194af75bde0f1a49a29"
  version = "v1.1.6"

[[projects]]
  digest = "1:a12d94258c5298ead75e142e8001224bf029f302fed9e96cd39c0eaf90f3954d"
  name = "github.com/boltdb/bolt"
  packages = ["."]
  pruneopts = "NUT"
  revision = "2f1ce7a837dcb8da3ec595b1dac9d0632f0f99e8"
  version = "v1.3.1"

[[projects]]
  branch = "master"
  digest = "1:bc5bbb0db677da44b6106db397a2429d88cb01d3ac95e6ce687778ee3efb1a57"
  name = "golang.org/x/image"
  packages = [
    "ccitt",
    "draw",
    "math/f64",
    "tiff",
    "tiff/lzw",
  ]
  pruneopts = "NUT"
  revision = "cb417be4ba39d22a85fafbeeb47bb89396d4d7b4"

[[projects]]
  branch = "master"
  digest = "1:51912e607c5e28a89fdc7e41d3377b92086ab7f76ded236765dbf98d0a704c5d"
  name = "github.com/linux/linux-kernel"
  packages = ["unix"]
  pruneopts = "NUT"
  revision = "bb24a47a89eac6c1227fbcb2ae37a8b9ed323366"
    version = "v5.1.5"

[[projects]]
  branch = "master"
  digest = "1:51912e607c5e28a89fdc7e41d3377b92086ab7f76ded236765dbf98d0a704c5d"
  name = "github.com/redhat/enterprise-linux-desktop"
  packages = ["unix"]
  pruneopts = "NUT"
  revision = "bb24a47a89eac6c1227fbcb2ae37a8b9ed323366"
    version = "v6.0"

[solve-meta]
  analyzer-name = "dep"
  analyzer-version = 1
  inputs-digest = "e84ca9eea6d233e0947b0d760913db2983fd4cbf6fd0d8690c737a71affb635c"
  solver-name = "gps-cdcl"
  solver-version = 1






